
Microsoft Visual Studio Solution File, Format Version 12.00
# Visual Studio Version 17
VisualStudioVersion = 17.4.33205.214
MinimumVisualStudioVersion = 10.0.40219.1
Project("{9A19103F-16F7-4668-BE54-9A1E7A4F7556}") = "UnitTest", "UnitTest\UnitTest.csproj", "{CDA37D1A-2C80-425E-BD3D-9D9097FC520B}"
EndProject
Project("{FAE04EC0-301F-11D3-BF4B-00C04F79EFBC}") = "MSTest", "MSTest\MSTest.csproj", "{ADA33AEF-DE96-4F95-AF6B-903D2F950238}"
EndProject
Project("{9A19103F-16F7-4668-BE54-9A1E7A4F7556}") = "NUnitTest", "NUnitTest\NUnitTest.csproj", "{71065541-DCDD-4661-BC8A-C5DA55D7C5E7}"
EndProject
Project("{9A19103F-16F7-4668-BE54-9A1E7A4F7556}") = "xUnitTest", "xUnitTest\xUnitTest.csproj", "{406CE46A-68CD-4106-BF0F-FB35891928DC}"
EndProject
Project("{2150E333-8FDC-42A3-9474-1A3956D46DE8}") = "ProjectTest", "ProjectTest", "{7DD5C1F8-4B7C-47FF-BE25-3D6D46ACD816}"
EndProject
Project("{9A19103F-16F7-4668-BE54-9A1E7A4F7556}") = "ProjectTest", "ProjectTest\ProjectTest.csproj", "{DE9ADC90-55B9-44D0-8D6A-BA5A64A69290}"
EndProject
Project("{9A19103F-16F7-4668-BE54-9A1E7A4F7556}") = "ProjectTest.ApplicationCore", "ProjectTest.ApplicationCore\ProjectTest.ApplicationCore.csproj", "{5E4DA6B7-E043-45A4-92D8-281862F7455D}"
EndProject
Project("{9A19103F-16F7-4668-BE54-9A1E7A4F7556}") = "ProjectTest.Infrastructure", "ProjectTest.Infrastructure\ProjectTest.Infrastructure.csproj", "{8C29EDC8-0388-425B-8D83-43D75355637E}"
EndProject
Project("{9A19103F-16F7-4668-BE54-9A1E7A4F7556}") = "ProjectTest.FunctionalTests", "ProjectTest.Tests\ProjectTest.FunctionalTests.csproj", "{CD96AE66-3D72-41B4-AA2D-6C10F44BF85C}"
EndProject
Project("{2150E333-8FDC-42A3-9474-1A3956D46DE8}") = "Test", "Test", "{DD534A57-3570-4429-87DE-4ACCA3E1B210}"
EndProject
Project("{2150E333-8FDC-42A3-9474-1A3956D46DE8}") = "Tests", "Tests", "{3F78FFE1-ECEE-475B-94EB-96DBE062E626}"
EndProject
Project("{2150E333-8FDC-42A3-9474-1A3956D46DE8}") = "Project", "Project", "{D7CE1B4D-DE60-412E-A3A5-7C3839FF9A66}"
EndProject
Project("{9A19103F-16F7-4668-BE54-9A1E7A4F7556}") = "ProjectTest.IntegrationTests", "ProjectTest.IntegrationTests\ProjectTest.IntegrationTests.csproj", "{33EBE704-EDEB-4390-B61A-2234051082A9}"
EndProject
Project("{FAE04EC0-301F-11D3-BF4B-00C04F79EFBC}") = "ProjectTest.CommonTests", "ProjectTest.CommonTests\ProjectTest.CommonTests.csproj", "{72DC562A-B85F-4983-87C6-DA954CBB396C}"
EndProject
Global
	GlobalSection(SolutionConfigurationPlatforms) = preSolution
		Debug|Any CPU = Debug|Any CPU
		Release|Any CPU = Release|Any CPU
	EndGlobalSection
	GlobalSection(ProjectConfigurationPlatforms) = postSolution
		{CDA37D1A-2C80-425E-BD3D-9D9097FC520B}.Debug|Any CPU.ActiveCfg = Debug|Any CPU
		{CDA37D1A-2C80-425E-BD3D-9D9097FC520B}.Debug|Any CPU.Build.0 = Debug|Any CPU
		{CDA37D1A-2C80-425E-BD3D-9D9097FC520B}.Release|Any CPU.ActiveCfg = Release|Any CPU
		{CDA37D1A-2C80-425E-BD3D-9D9097FC520B}.Release|Any CPU.Build.0 = Release|Any CPU
		{ADA33AEF-DE96-4F95-AF6B-903D2F950238}.Debug|Any CPU.ActiveCfg = Debug|Any CPU
		{ADA33AEF-DE96-4F95-AF6B-903D2F950238}.Debug|Any CPU.Build.0 = Debug|Any CPU
		{ADA33AEF-DE96-4F95-AF6B-903D2F950238}.Release|Any CPU.ActiveCfg = Release|Any CPU
		{ADA33AEF-DE96-4F95-AF6B-903D2F950238}.Release|Any CPU.Build.0 = Release|Any CPU
		{71065541-DCDD-4661-BC8A-C5DA55D7C5E7}.Debug|Any CPU.ActiveCfg = Debug|Any CPU
		{71065541-DCDD-4661-BC8A-C5DA55D7C5E7}.Debug|Any CPU.Build.0 = Debug|Any CPU
		{71065541-DCDD-4661-BC8A-C5DA55D7C5E7}.Release|Any CPU.ActiveCfg = Release|Any CPU
		{71065541-DCDD-4661-BC8A-C5DA55D7C5E7}.Release|Any CPU.Build.0 = Release|Any CPU
		{406CE46A-68CD-4106-BF0F-FB35891928DC}.Debug|Any CPU.ActiveCfg = Debug|Any CPU
		{406CE46A-68CD-4106-BF0F-FB35891928DC}.Debug|Any CPU.Build.0 = Debug|Any CPU
		{406CE46A-68CD-4106-BF0F-FB35891928DC}.Release|Any CPU.ActiveCfg = Release|Any CPU
		{406CE46A-68CD-4106-BF0F-FB35891928DC}.Release|Any CPU.Build.0 = Release|Any CPU
		{DE9ADC90-55B9-44D0-8D6A-BA5A64A69290}.Debug|Any CPU.ActiveCfg = Debug|Any CPU
		{DE9ADC90-55B9-44D0-8D6A-BA5A64A69290}.Debug|Any CPU.Build.0 = Debug|Any CPU
		{DE9ADC90-55B9-44D0-8D6A-BA5A64A69290}.Release|Any CPU.ActiveCfg = Release|Any CPU
		{DE9ADC90-55B9-44D0-8D6A-BA5A64A69290}.Release|Any CPU.Build.0 = Release|Any CPU
		{5E4DA6B7-E043-45A4-92D8-281862F7455D}.Debug|Any CPU.ActiveCfg = Debug|Any CPU
		{5E4DA6B7-E043-45A4-92D8-281862F7455D}.Debug|Any CPU.Build.0 = Debug|Any CPU
		{5E4DA6B7-E043-45A4-92D8-281862F7455D}.Release|Any CPU.ActiveCfg = Release|Any CPU
		{5E4DA6B7-E043-45A4-92D8-281862F7455D}.Release|Any CPU.Build.0 = Release|Any CPU
		{8C29EDC8-0388-425B-8D83-43D75355637E}.Debug|Any CPU.ActiveCfg = Debug|Any CPU
		{8C29EDC8-0388-425B-8D83-43D75355637E}.Debug|Any CPU.Build.0 = Debug|Any CPU
		{8C29EDC8-0388-425B-8D83-43D75355637E}.Release|Any CPU.ActiveCfg = Release|Any CPU
		{8C29EDC8-0388-425B-8D83-43D75355637E}.Release|Any CPU.Build.0 = Release|Any CPU
		{CD96AE66-3D72-41B4-AA2D-6C10F44BF85C}.Debug|Any CPU.ActiveCfg = Debug|Any CPU
		{CD96AE66-3D72-41B4-AA2D-6C10F44BF85C}.Debug|Any CPU.Build.0 = Debug|Any CPU
		{CD96AE66-3D72-41B4-AA2D-6C10F44BF85C}.Release|Any CPU.ActiveCfg = Release|Any CPU
		{CD96AE66-3D72-41B4-AA2D-6C10F44BF85C}.Release|Any CPU.Build.0 = Release|Any CPU
		{33EBE704-EDEB-4390-B61A-2234051082A9}.Debug|Any CPU.ActiveCfg = Debug|Any CPU
		{33EBE704-EDEB-4390-B61A-2234051082A9}.Debug|Any CPU.Build.0 = Debug|Any CPU
		{33EBE704-EDEB-4390-B61A-2234051082A9}.Release|Any CPU.ActiveCfg = Release|Any CPU
		{33EBE704-EDEB-4390-B61A-2234051082A9}.Release|Any CPU.Build.0 = Release|Any CPU
		{72DC562A-B85F-4983-87C6-DA954CBB396C}.Debug|Any CPU.ActiveCfg = Debug|Any CPU
		{72DC562A-B85F-4983-87C6-DA954CBB396C}.Debug|Any CPU.Build.0 = Debug|Any CPU
		{72DC562A-B85F-4983-87C6-DA954CBB396C}.Release|Any CPU.ActiveCfg = Release|Any CPU
		{72DC562A-B85F-4983-87C6-DA954CBB396C}.Release|Any CPU.Build.0 = Release|Any CPU
	EndGlobalSection
	GlobalSection(SolutionProperties) = preSolution
		HideSolutionNode = FALSE
	EndGlobalSection
	GlobalSection(NestedProjects) = preSolution
		{CDA37D1A-2C80-425E-BD3D-9D9097FC520B} = {DD534A57-3570-4429-87DE-4ACCA3E1B210}
		{ADA33AEF-DE96-4F95-AF6B-903D2F950238} = {DD534A57-3570-4429-87DE-4ACCA3E1B210}
		{71065541-DCDD-4661-BC8A-C5DA55D7C5E7} = {DD534A57-3570-4429-87DE-4ACCA3E1B210}
		{406CE46A-68CD-4106-BF0F-FB35891928DC} = {DD534A57-3570-4429-87DE-4ACCA3E1B210}
		{DE9ADC90-55B9-44D0-8D6A-BA5A64A69290} = {D7CE1B4D-DE60-412E-A3A5-7C3839FF9A66}
		{5E4DA6B7-E043-45A4-92D8-281862F7455D} = {D7CE1B4D-DE60-412E-A3A5-7C3839FF9A66}
		{8C29EDC8-0388-425B-8D83-43D75355637E} = {D7CE1B4D-DE60-412E-A3A5-7C3839FF9A66}
		{CD96AE66-3D72-41B4-AA2D-6C10F44BF85C} = {3F78FFE1-ECEE-475B-94EB-96DBE062E626}
		{3F78FFE1-ECEE-475B-94EB-96DBE062E626} = {7DD5C1F8-4B7C-47FF-BE25-3D6D46ACD816}
		{D7CE1B4D-DE60-412E-A3A5-7C3839FF9A66} = {7DD5C1F8-4B7C-47FF-BE25-3D6D46ACD816}
		{33EBE704-EDEB-4390-B61A-2234051082A9} = {3F78FFE1-ECEE-475B-94EB-96DBE062E626}
		{72DC562A-B85F-4983-87C6-DA954CBB396C} = {3F78FFE1-ECEE-475B-94EB-96DBE062E626}
	EndGlobalSection
	GlobalSection(ExtensibilityGlobals) = postSolution
		SolutionGuid = {07EF9AAD-7C8E-43AA-9F4A-E69E96E5B669}
	EndGlobalSection
EndGlobal
