
Microsoft Visual Studio Solution File, Format Version 12.00
# Visual Studio Version 17
VisualStudioVersion = 17.4.33205.214
MinimumVisualStudioVersion = 10.0.40219.1
Project("{9A19103F-16F7-4668-BE54-9A1E7A4F7556}") = "UnitTest", "UnitTest\UnitTest.csproj", "{CDA37D1A-2C80-425E-BD3D-9D9097FC520B}"
EndProject
Project("{FAE04EC0-301F-11D3-BF4B-00C04F79EFBC}") = "MSTest", "MSTest\MSTest.csproj", "{ADA33AEF-DE96-4F95-AF6B-903D2F950238}"
EndProject
Project("{9A19103F-16F7-4668-BE54-9A1E7A4F7556}") = "NUnitTest", "NUnitTest\NUnitTest.csproj", "{71065541-DCDD-4661-BC8A-C5DA55D7C5E7}"
EndProject
Project("{9A19103F-16F7-4668-BE54-9A1E7A4F7556}") = "xUnitTest", "xUnitTest\xUnitTest.csproj", "{406CE46A-68CD-4106-BF0F-FB35891928DC}"
EndProject
Project("{2150E333-8FDC-42A3-9474-1A3956D46DE8}") = "ProjectTest", "ProjectTest", "{7DD5C1F8-4B7C-47FF-BE25-3D6D46ACD816}"
EndProject
Project("{FAE04EC0-301F-11D3-BF4B-00C04F79EFBC}") = "ProjectTest", "ProjectTest\ProjectTest.csproj", "{DE9ADC90-55B9-44D0-8D6A-BA5A64A69290}"
EndProject
Project("{FAE04EC0-301F-11D3-BF4B-00C04F79EFBC}") = "ProjectTest.ApplicationCore", "ProjectTest.ApplicationCore\ProjectTest.ApplicationCore.csproj", "{5E4DA6B7-E043-45A4-92D8-281862F7455D}"
EndProject
Project("{FAE04EC0-301F-11D3-BF4B-00C04F79EFBC}") = "ProjectTest.Infrastructure", "ProjectTest.Infrastructure\ProjectTest.Infrastructure.csproj", "{8C29EDC8-0388-425B-8D83-43D75355637E}"
EndProject
Global
	GlobalSection(SolutionConfigurationPlatforms) = preSolution
		Debug|Any CPU = Debug|Any CPU
		Release|Any CPU = Release|Any CPU
	EndGlobalSection
	GlobalSection(ProjectConfigurationPlatforms) = postSolution
		{CDA37D1A-2C80-425E-BD3D-9D9097FC520B}.Debug|Any CPU.ActiveCfg = Debug|Any CPU
		{CDA37D1A-2C80-425E-BD3D-9D9097FC520B}.Debug|Any CPU.Build.0 = Debug|Any CPU
		{CDA37D1A-2C80-425E-BD3D-9D9097FC520B}.Release|Any CPU.ActiveCfg = Release|Any CPU
		{CDA37D1A-2C80-425E-BD3D-9D9097FC520B}.Release|Any CPU.Build.0 = Release|Any CPU
		{ADA33AEF-DE96-4F95-AF6B-903D2F950238}.Debug|Any CPU.ActiveCfg = Debug|Any CPU
		{ADA33AEF-DE96-4F95-AF6B-903D2F950238}.Debug|Any CPU.Build.0 = Debug|Any CPU
		{ADA33AEF-DE96-4F95-AF6B-903D2F950238}.Release|Any CPU.ActiveCfg = Release|Any CPU
		{ADA33AEF-DE96-4F95-AF6B-903D2F950238}.Release|Any CPU.Build.0 = Release|Any CPU
		{71065541-DCDD-4661-BC8A-C5DA55D7C5E7}.Debug|Any CPU.ActiveCfg = Debug|Any CPU
		{71065541-DCDD-4661-BC8A-C5DA55D7C5E7}.Debug|Any CPU.Build.0 = Debug|Any CPU
		{71065541-DCDD-4661-BC8A-C5DA55D7C5E7}.Release|Any CPU.ActiveCfg = Release|Any CPU
		{71065541-DCDD-4661-BC8A-C5DA55D7C5E7}.Release|Any CPU.Build.0 = Release|Any CPU
		{406CE46A-68CD-4106-BF0F-FB35891928DC}.Debug|Any CPU.ActiveCfg = Debug|Any CPU
		{406CE46A-68CD-4106-BF0F-FB35891928DC}.Debug|Any CPU.Build.0 = Debug|Any CPU
		{406CE46A-68CD-4106-BF0F-FB35891928DC}.Release|Any CPU.ActiveCfg = Release|Any CPU
		{406CE46A-68CD-4106-BF0F-FB35891928DC}.Release|Any CPU.Build.0 = Release|Any CPU
		{DE9ADC90-55B9-44D0-8D6A-BA5A64A69290}.Debug|Any CPU.ActiveCfg = Debug|Any CPU
		{DE9ADC90-55B9-44D0-8D6A-BA5A64A69290}.Debug|Any CPU.Build.0 = Debug|Any CPU
		{DE9ADC90-55B9-44D0-8D6A-BA5A64A69290}.Release|Any CPU.ActiveCfg = Release|Any CPU
		{DE9ADC90-55B9-44D0-8D6A-BA5A64A69290}.Release|Any CPU.Build.0 = Release|Any CPU
		{5E4DA6B7-E043-45A4-92D8-281862F7455D}.Debug|Any CPU.ActiveCfg = Debug|Any CPU
		{5E4DA6B7-E043-45A4-92D8-281862F7455D}.Debug|Any CPU.Build.0 = Debug|Any CPU
		{5E4DA6B7-E043-45A4-92D8-281862F7455D}.Release|Any CPU.ActiveCfg = Release|Any CPU
		{5E4DA6B7-E043-45A4-92D8-281862F7455D}.Release|Any CPU.Build.0 = Release|Any CPU
		{8C29EDC8-0388-425B-8D83-43D75355637E}.Debug|Any CPU.ActiveCfg = Debug|Any CPU
		{8C29EDC8-0388-425B-8D83-43D75355637E}.Debug|Any CPU.Build.0 = Debug|Any CPU
		{8C29EDC8-0388-425B-8D83-43D75355637E}.Release|Any CPU.ActiveCfg = Release|Any CPU
		{8C29EDC8-0388-425B-8D83-43D75355637E}.Release|Any CPU.Build.0 = Release|Any CPU
	EndGlobalSection
	GlobalSection(SolutionProperties) = preSolution
		HideSolutionNode = FALSE
	EndGlobalSection
	GlobalSection(NestedProjects) = preSolution
		{DE9ADC90-55B9-44D0-8D6A-BA5A64A69290} = {7DD5C1F8-4B7C-47FF-BE25-3D6D46ACD816}
		{5E4DA6B7-E043-45A4-92D8-281862F7455D} = {7DD5C1F8-4B7C-47FF-BE25-3D6D46ACD816}
		{8C29EDC8-0388-425B-8D83-43D75355637E} = {7DD5C1F8-4B7C-47FF-BE25-3D6D46ACD816}
	EndGlobalSection
	GlobalSection(ExtensibilityGlobals) = postSolution
		SolutionGuid = {07EF9AAD-7C8E-43AA-9F4A-E69E96E5B669}
	EndGlobalSection
EndGlobal
